// !$*UTF8*$!
{
	archiveVersion = 1;
	classes = {
	};
	objectVersion = 77;
	objects = {

/* Begin PBXBuildFile section */
		EF0C19272CF8B3DB0002E1F7 /* README.md in Resources */ = {isa = PBXBuildFile; fileRef = EF0C19262CF8B3DB0002E1F7 /* README.md */; };
/* End PBXBuildFile section */

/* Begin PBXContainerItemProxy section */
		EF0C18D62CF8914B0002E1F7 /* PBXContainerItemProxy */ = {
			isa = PBXContainerItemProxy;
			containerPortal = EF0C18BD2CF891470002E1F7 /* Project object */;
			proxyType = 1;
			remoteGlobalIDString = EF0C18C42CF891470002E1F7;
			remoteInfo = MyiPhone;
		};
		EF0C18E02CF8914B0002E1F7 /* PBXContainerItemProxy */ = {
			isa = PBXContainerItemProxy;
			containerPortal = EF0C18BD2CF891470002E1F7 /* Project object */;
			proxyType = 1;
			remoteGlobalIDString = EF0C18C42CF891470002E1F7;
			remoteInfo = MyiPhone;
		};
/* End PBXContainerItemProxy section */

/* Begin PBXFileReference section */
		EF0C18C52CF891470002E1F7 /* MyiPhone.app */ = {isa = PBXFileReference; explicitFileType = wrapper.application; includeInIndex = 0; path = MyiPhone.app; sourceTree = BUILT_PRODUCTS_DIR; };
		EF0C18D52CF8914B0002E1F7 /* MyiPhoneTests.xctest */ = {isa = PBXFileReference; explicitFileType = wrapper.cfbundle; includeInIndex = 0; path = MyiPhoneTests.xctest; sourceTree = BUILT_PRODUCTS_DIR; };
		EF0C18DF2CF8914B0002E1F7 /* MyiPhoneUITests.xctest */ = {isa = PBXFileReference; explicitFileType = wrapper.cfbundle; includeInIndex = 0; path = MyiPhoneUITests.xctest; sourceTree = BUILT_PRODUCTS_DIR; };
		EF0C19262CF8B3DB0002E1F7 /* README.md */ = {isa = PBXFileReference; lastKnownFileType = net.daringfireball.markdown; path = README.md; sourceTree = "<group>"; };
/* End PBXFileReference section */

/* Begin PBXFileSystemSynchronizedRootGroup section */
		EF0C18C72CF891470002E1F7 /* MyiPhone */ = {
			isa = PBXFileSystemSynchronizedRootGroup;
			path = MyiPhone;
			sourceTree = "<group>";
		};
		EF0C18D82CF8914B0002E1F7 /* MyiPhoneTests */ = {
			isa = PBXFileSystemSynchronizedRootGroup;
			path = MyiPhoneTests;
			sourceTree = "<group>";
		};
		EF0C18E22CF8914B0002E1F7 /* MyiPhoneUITests */ = {
			isa = PBXFileSystemSynchronizedRootGroup;
			path = MyiPhoneUITests;
			sourceTree = "<group>";
		};
/* End PBXFileSystemSynchronizedRootGroup section */

/* Begin PBXFrameworksBuildPhase section */
		EF0C18C22CF891470002E1F7 /* Frameworks */ = {
			isa = PBXFrameworksBuildPhase;
			buildActionMask = 2147483647;
			files = (
			);
			runOnlyForDeploymentPostprocessing = 0;
		};
		EF0C18D22CF8914B0002E1F7 /* Frameworks */ = {
			isa = PBXFrameworksBuildPhase;
			buildActionMask = 2147483647;
			files = (
			);
			runOnlyForDeploymentPostprocessing = 0;
		};
		EF0C18DC2CF8914B0002E1F7 /* Frameworks */ = {
			isa = PBXFrameworksBuildPhase;
			buildActionMask = 2147483647;
			files = (
			);
			runOnlyForDeploymentPostprocessing = 0;
		};
/* End PBXFrameworksBuildPhase section */

/* Begin PBXGroup section */
		EF0C18BC2CF891470002E1F7 = {
			isa = PBXGroup;
			children = (
				EF0C19262CF8B3DB0002E1F7 /* README.md */,
				EF0C18C72CF891470002E1F7 /* MyiPhone */,
				EF0C18D82CF8914B0002E1F7 /* MyiPhoneTests */,
				EF0C18E22CF8914B0002E1F7 /* MyiPhoneUITests */,
				EF0C18C62CF891470002E1F7 /* Products */,
			);
			sourceTree = "<group>";
		};
		EF0C18C62CF891470002E1F7 /* Products */ = {
			isa = PBXGroup;
			children = (
				EF0C18C52CF891470002E1F7 /* MyiPhone.app */,
				EF0C18D52CF8914B0002E1F7 /* MyiPhoneTests.xctest */,
				EF0C18DF2CF8914B0002E1F7 /* MyiPhoneUITests.xctest */,
			);
			name = Products;
			sourceTree = "<group>";
		};
/* End PBXGroup section */

/* Begin PBXNativeTarget section */
		EF0C18C42CF891470002E1F7 /* MyiPhone */ = {
			isa = PBXNativeTarget;
			buildConfigurationList = EF0C18E92CF8914B0002E1F7 /* Build configuration list for PBXNativeTarget "MyiPhone" */;
			buildPhases = (
				EF0C18C12CF891470002E1F7 /* Sources */,
				EF0C18C22CF891470002E1F7 /* Frameworks */,
				EF0C18C32CF891470002E1F7 /* Resources */,
			);
			buildRules = (
			);
			dependencies = (
			);
			fileSystemSynchronizedGroups = (
				EF0C18C72CF891470002E1F7 /* MyiPhone */,
			);
			name = MyiPhone;
			packageProductDependencies = (
			);
			productName = MyiPhone;
			productReference = EF0C18C52CF891470002E1F7 /* MyiPhone.app */;
			productType = "com.apple.product-type.application";
		};
		EF0C18D42CF8914B0002E1F7 /* MyiPhoneTests */ = {
			isa = PBXNativeTarget;
			buildConfigurationList = EF0C18EC2CF8914B0002E1F7 /* Build configuration list for PBXNativeTarget "MyiPhoneTests" */;
			buildPhases = (
				EF0C18D12CF8914B0002E1F7 /* Sources */,
				EF0C18D22CF8914B0002E1F7 /* Frameworks */,
				EF0C18D32CF8914B0002E1F7 /* Resources */,
			);
			buildRules = (
			);
			dependencies = (
				EF0C18D72CF8914B0002E1F7 /* PBXTargetDependency */,
			);
			fileSystemSynchronizedGroups = (
				EF0C18D82CF8914B0002E1F7 /* MyiPhoneTests */,
			);
			name = MyiPhoneTests;
			packageProductDependencies = (
			);
			productName = MyiPhoneTests;
			productReference = EF0C18D52CF8914B0002E1F7 /* MyiPhoneTests.xctest */;
			productType = "com.apple.product-type.bundle.unit-test";
		};
		EF0C18DE2CF8914B0002E1F7 /* MyiPhoneUITests */ = {
			isa = PBXNativeTarget;
			buildConfigurationList = EF0C18EF2CF8914B0002E1F7 /* Build configuration list for PBXNativeTarget "MyiPhoneUITests" */;
			buildPhases = (
				EF0C18DB2CF8914B0002E1F7 /* Sources */,
				EF0C18DC2CF8914B0002E1F7 /* Frameworks */,
				EF0C18DD2CF8914B0002E1F7 /* Resources */,
			);
			buildRules = (
			);
			dependencies = (
				EF0C18E12CF8914B0002E1F7 /* PBXTargetDependency */,
			);
			fileSystemSynchronizedGroups = (
				EF0C18E22CF8914B0002E1F7 /* MyiPhoneUITests */,
			);
			name = MyiPhoneUITests;
			packageProductDependencies = (
			);
			productName = MyiPhoneUITests;
			productReference = EF0C18DF2CF8914B0002E1F7 /* MyiPhoneUITests.xctest */;
			productType = "com.apple.product-type.bundle.ui-testing";
		};
/* End PBXNativeTarget section */

/* Begin PBXProject section */
		EF0C18BD2CF891470002E1F7 /* Project object */ = {
			isa = PBXProject;
			attributes = {
				BuildIndependentTargetsInParallel = 1;
				LastSwiftUpdateCheck = 1610;
				LastUpgradeCheck = 1610;
				TargetAttributes = {
					EF0C18C42CF891470002E1F7 = {
						CreatedOnToolsVersion = 16.1;
					};
					EF0C18D42CF8914B0002E1F7 = {
						CreatedOnToolsVersion = 16.1;
						TestTargetID = EF0C18C42CF891470002E1F7;
					};
					EF0C18DE2CF8914B0002E1F7 = {
						CreatedOnToolsVersion = 16.1;
						TestTargetID = EF0C18C42CF891470002E1F7;
					};
				};
			};
			buildConfigurationList = EF0C18C02CF891470002E1F7 /* Build configuration list for PBXProject "MyiPhone" */;
			developmentRegion = en;
			hasScannedForEncodings = 0;
			knownRegions = (
				en,
				Base,
			);
			mainGroup = EF0C18BC2CF891470002E1F7;
			minimizedProjectReferenceProxies = 1;
			preferredProjectObjectVersion = 77;
			productRefGroup = EF0C18C62CF891470002E1F7 /* Products */;
			projectDirPath = "";
			projectRoot = "";
			targets = (
				EF0C18C42CF891470002E1F7 /* MyiPhone */,
				EF0C18D42CF8914B0002E1F7 /* MyiPhoneTests */,
				EF0C18DE2CF8914B0002E1F7 /* MyiPhoneUITests */,
			);
		};
/* End PBXProject section */

/* Begin PBXResourcesBuildPhase section */
		EF0C18C32CF891470002E1F7 /* Resources */ = {
			isa = PBXResourcesBuildPhase;
			buildActionMask = 2147483647;
			files = (
				EF0C19272CF8B3DB0002E1F7 /* README.md in Resources */,
			);
			runOnlyForDeploymentPostprocessing = 0;
		};
		EF0C18D32CF8914B0002E1F7 /* Resources */ = {
			isa = PBXResourcesBuildPhase;
			buildActionMask = 2147483647;
			files = (
			);
			runOnlyForDeploymentPostprocessing = 0;
		};
		EF0C18DD2CF8914B0002E1F7 /* Resources */ = {
			isa = PBXResourcesBuildPhase;
			buildActionMask = 2147483647;
			files = (
			);
			runOnlyForDeploymentPostprocessing = 0;
		};
/* End PBXResourcesBuildPhase section */

/* Begin PBXSourcesBuildPhase section */
		EF0C18C12CF891470002E1F7 /* Sources */ = {
			isa = PBXSourcesBuildPhase;
			buildActionMask = 2147483647;
			files = (
			);
			runOnlyForDeploymentPostprocessing = 0;
		};
		EF0C18D12CF8914B0002E1F7 /* Sources */ = {
			isa = PBXSourcesBuildPhase;
			buildActionMask = 2147483647;
			files = (
			);
			runOnlyForDeploymentPostprocessing = 0;
		};
		EF0C18DB2CF8914B0002E1F7 /* Sources */ = {
			isa = PBXSourcesBuildPhase;
			buildActionMask = 2147483647;
			files = (
			);
			runOnlyForDeploymentPostprocessing = 0;
		};
/* End PBXSourcesBuildPhase section */

/* Begin PBXTargetDependency section */
		EF0C18D72CF8914B0002E1F7 /* PBXTargetDependency */ = {
			isa = PBXTargetDependency;
			target = EF0C18C42CF891470002E1F7 /* MyiPhone */;
			targetProxy = EF0C18D62CF8914B0002E1F7 /* PBXContainerItemProxy */;
		};
		EF0C18E12CF8914B0002E1F7 /* PBXTargetDependency */ = {
			isa = PBXTargetDependency;
			target = EF0C18C42CF891470002E1F7 /* MyiPhone */;
			targetProxy = EF0C18E02CF8914B0002E1F7 /* PBXContainerItemProxy */;
		};
/* End PBXTargetDependency section */

/* Begin XCBuildConfiguration section */
		EF0C18E72CF8914B0002E1F7 /* Debug */ = {
			isa = XCBuildConfiguration;
			buildSettings = {
				ALWAYS_SEARCH_USER_PATHS = NO;
				ASSETCATALOG_COMPILER_GENERATE_SWIFT_ASSET_SYMBOL_EXTENSIONS = YES;
				CLANG_ANALYZER_NONNULL = YES;
				CLANG_ANALYZER_NUMBER_OBJECT_CONVERSION = YES_AGGRESSIVE;
				CLANG_CXX_LANGUAGE_STANDARD = "gnu++20";
				CLANG_ENABLE_MODULES = YES;
				CLANG_ENABLE_OBJC_ARC = YES;
				CLANG_ENABLE_OBJC_WEAK = YES;
				CLANG_WARN_BLOCK_CAPTURE_AUTORELEASING = YES;
				CLANG_WARN_BOOL_CONVERSION = YES;
				CLANG_WARN_COMMA = YES;
				CLANG_WARN_CONSTANT_CONVERSION = YES;
				CLANG_WARN_DEPRECATED_OBJC_IMPLEMENTATIONS = YES;
				CLANG_WARN_DIRECT_OBJC_ISA_USAGE = YES_ERROR;
				CLANG_WARN_DOCUMENTATION_COMMENTS = YES;
				CLANG_WARN_EMPTY_BODY = YES;
				CLANG_WARN_ENUM_CONVERSION = YES;
				CLANG_WARN_INFINITE_RECURSION = YES;
				CLANG_WARN_INT_CONVERSION = YES;
				CLANG_WARN_NON_LITERAL_NULL_CONVERSION = YES;
				CLANG_WARN_OBJC_IMPLICIT_RETAIN_SELF = YES;
				CLANG_WARN_OBJC_LITERAL_CONVERSION = YES;
				CLANG_WARN_OBJC_ROOT_CLASS = YES_ERROR;
				CLANG_WARN_QUOTED_INCLUDE_IN_FRAMEWORK_HEADER = YES;
				CLANG_WARN_RANGE_LOOP_ANALYSIS = YES;
				CLANG_WARN_STRICT_PROTOTYPES = YES;
				CLANG_WARN_SUSPICIOUS_MOVE = YES;
				CLANG_WARN_UNGUARDED_AVAILABILITY = YES_AGGRESSIVE;
				CLANG_WARN_UNREACHABLE_CODE = YES;
				CLANG_WARN__DUPLICATE_METHOD_MATCH = YES;
				COPY_PHASE_STRIP = NO;
				DEBUG_INFORMATION_FORMAT = dwarf;
				ENABLE_STRICT_OBJC_MSGSEND = YES;
				ENABLE_TESTABILITY = YES;
				ENABLE_USER_SCRIPT_SANDBOXING = YES;
				GCC_C_LANGUAGE_STANDARD = gnu17;
				GCC_DYNAMIC_NO_PIC = NO;
				GCC_NO_COMMON_BLOCKS = YES;
				GCC_OPTIMIZATION_LEVEL = 0;
				GCC_PREPROCESSOR_DEFINITIONS = (
					"DEBUG=1",
					"$(inherited)",
				);
				GCC_WARN_64_TO_32_BIT_CONVERSION = YES;
				GCC_WARN_ABOUT_RETURN_TYPE = YES_ERROR;
				GCC_WARN_UNDECLARED_SELECTOR = YES;
				GCC_WARN_UNINITIALIZED_AUTOS = YES_AGGRESSIVE;
				GCC_WARN_UNUSED_FUNCTION = YES;
				GCC_WARN_UNUSED_VARIABLE = YES;
				IPHONEOS_DEPLOYMENT_TARGET = 18.1;
				LOCALIZATION_PREFERS_STRING_CATALOGS = YES;
				MTL_ENABLE_DEBUG_INFO = INCLUDE_SOURCE;
				MTL_FAST_MATH = YES;
				ONLY_ACTIVE_ARCH = YES;
				SDKROOT = iphoneos;
				SWIFT_ACTIVE_COMPILATION_CONDITIONS = "DEBUG $(inherited)";
				SWIFT_OPTIMIZATION_LEVEL = "-Onone";
			};
			name = Debug;
		};
		EF0C18E82CF8914B0002E1F7 /* Release */ = {
			isa = XCBuildConfiguration;
			buildSettings = {
				ALWAYS_SEARCH_USER_PATHS = NO;
				ASSETCATALOG_COMPILER_GENERATE_SWIFT_ASSET_SYMBOL_EXTENSIONS = YES;
				CLANG_ANALYZER_NONNULL = YES;
				CLANG_ANALYZER_NUMBER_OBJECT_CONVERSION = YES_AGGRESSIVE;
				CLANG_CXX_LANGUAGE_STANDARD = "gnu++20";
				CLANG_ENABLE_MODULES = YES;
				CLANG_ENABLE_OBJC_ARC = YES;
				CLANG_ENABLE_OBJC_WEAK = YES;
				CLANG_WARN_BLOCK_CAPTURE_AUTORELEASING = YES;
				CLANG_WARN_BOOL_CONVERSION = YES;
				CLANG_WARN_COMMA = YES;
				CLANG_WARN_CONSTANT_CONVERSION = YES;
				CLANG_WARN_DEPRECATED_OBJC_IMPLEMENTATIONS = YES;
				CLANG_WARN_DIRECT_OBJC_ISA_USAGE = YES_ERROR;
				CLANG_WARN_DOCUMENTATION_COMMENTS = YES;
				CLANG_WARN_EMPTY_BODY = YES;
				CLANG_WARN_ENUM_CONVERSION = YES;
				CLANG_WARN_INFINITE_RECURSION = YES;
				CLANG_WARN_INT_CONVERSION = YES;
				CLANG_WARN_NON_LITERAL_NULL_CONVERSION = YES;
				CLANG_WARN_OBJC_IMPLICIT_RETAIN_SELF = YES;
				CLANG_WARN_OBJC_LITERAL_CONVERSION = YES;
				CLANG_WARN_OBJC_ROOT_CLASS = YES_ERROR;
				CLANG_WARN_QUOTED_INCLUDE_IN_FRAMEWORK_HEADER = YES;
				CLANG_WARN_RANGE_LOOP_ANALYSIS = YES;
				CLANG_WARN_STRICT_PROTOTYPES = YES;
				CLANG_WARN_SUSPICIOUS_MOVE = YES;
				CLANG_WARN_UNGUARDED_AVAILABILITY = YES_AGGRESSIVE;
				CLANG_WARN_UNREACHABLE_CODE = YES;
				CLANG_WARN__DUPLICATE_METHOD_MATCH = YES;
				COPY_PHASE_STRIP = NO;
				DEBUG_INFORMATION_FORMAT = "dwarf-with-dsym";
				ENABLE_NS_ASSERTIONS = NO;
				ENABLE_STRICT_OBJC_MSGSEND = YES;
				ENABLE_USER_SCRIPT_SANDBOXING = YES;
				GCC_C_LANGUAGE_STANDARD = gnu17;
				GCC_NO_COMMON_BLOCKS = YES;
				GCC_WARN_64_TO_32_BIT_CONVERSION = YES;
				GCC_WARN_ABOUT_RETURN_TYPE = YES_ERROR;
				GCC_WARN_UNDECLARED_SELECTOR = YES;
				GCC_WARN_UNINITIALIZED_AUTOS = YES_AGGRESSIVE;
				GCC_WARN_UNUSED_FUNCTION = YES;
				GCC_WARN_UNUSED_VARIABLE = YES;
				IPHONEOS_DEPLOYMENT_TARGET = 18.1;
				LOCALIZATION_PREFERS_STRING_CATALOGS = YES;
				MTL_ENABLE_DEBUG_INFO = NO;
				MTL_FAST_MATH = YES;
				SDKROOT = iphoneos;
				SWIFT_COMPILATION_MODE = wholemodule;
				VALIDATE_PRODUCT = YES;
			};
			name = Release;
		};
		EF0C18EA2CF8914B0002E1F7 /* Debug */ = {
			isa = XCBuildConfiguration;
			buildSettings = {
				ASSETCATALOG_COMPILER_APPICON_NAME = AppIcon;
				ASSETCATALOG_COMPILER_GLOBAL_ACCENT_COLOR_NAME = AccentColor;
				CODE_SIGN_STYLE = Automatic;
				CURRENT_PROJECT_VERSION = 1;
				DEVELOPMENT_ASSET_PATHS = "\"MyiPhone/Preview Content\"";
				ENABLE_PREVIEWS = YES;
				GENERATE_INFOPLIST_FILE = YES;
				INFOPLIST_KEY_UIApplicationSceneManifest_Generation = YES;
				INFOPLIST_KEY_UIApplicationSupportsIndirectInputEvents = YES;
				INFOPLIST_KEY_UILaunchScreen_Generation = YES;
				INFOPLIST_KEY_UISupportedInterfaceOrientations_iPad = "UIInterfaceOrientationPortrait UIInterfaceOrientationPortraitUpsideDown UIInterfaceOrientationLandscapeLeft UIInterfaceOrientationLandscapeRight";
				INFOPLIST_KEY_UISupportedInterfaceOrientations_iPhone = "UIInterfaceOrientationPortrait UIInterfaceOrientationLandscapeLeft UIInterfaceOrientationLandscapeRight";
				LD_RUNPATH_SEARCH_PATHS = (
					"$(inherited)",
					"@executable_path/Frameworks",
				);
				MARKETING_VERSION = 1.0;
				PRODUCT_BUNDLE_IDENTIFIER = NUS.MyiPhone;
				PRODUCT_NAME = "$(TARGET_NAME)";
				SWIFT_EMIT_LOC_STRINGS = YES;
				SWIFT_VERSION = 5.0;
				TARGETED_DEVICE_FAMILY = "1,2";
			};
			name = Debug;
		};
		EF0C18EB2CF8914B0002E1F7 /* Release */ = {
			isa = XCBuildConfiguration;
			buildSettings = {
				ASSETCATALOG_COMPILER_APPICON_NAME = AppIcon;
				ASSETCATALOG_COMPILER_GLOBAL_ACCENT_COLOR_NAME = AccentColor;
				CODE_SIGN_STYLE = Automatic;
				CURRENT_PROJECT_VERSION = 1;
				DEVELOPMENT_ASSET_PATHS = "\"MyiPhone/Preview Content\"";
				ENABLE_PREVIEWS = YES;
				GENERATE_INFOPLIST_FILE = YES;
				INFOPLIST_KEY_UIApplicationSceneManifest_Generation = YES;
				INFOPLIST_KEY_UIApplicationSupportsIndirectInputEvents = YES;
				INFOPLIST_KEY_UILaunchScreen_Generation = YES;
				INFOPLIST_KEY_UISupportedInterfaceOrientations_iPad = "UIInterfaceOrientationPortrait UIInterfaceOrientationPortraitUpsideDown UIInterfaceOrientationLandscapeLeft UIInterfaceOrientationLandscapeRight";
				INFOPLIST_KEY_UISupportedInterfaceOrientations_iPhone = "UIInterfaceOrientationPortrait UIInterfaceOrientationLandscapeLeft UIInterfaceOrientationLandscapeRight";
				LD_RUNPATH_SEARCH_PATHS = (
					"$(inherited)",
					"@executable_path/Frameworks",
				);
				MARKETING_VERSION = 1.0;
				PRODUCT_BUNDLE_IDENTIFIER = NUS.MyiPhone;
				PRODUCT_NAME = "$(TARGET_NAME)";
				SWIFT_EMIT_LOC_STRINGS = YES;
				SWIFT_VERSION = 5.0;
				TARGETED_DEVICE_FAMILY = "1,2";
			};
			name = Release;
		};
		EF0C18ED2CF8914B0002E1F7 /* Debug */ = {
			isa = XCBuildConfiguration;
			buildSettings = {
				BUNDLE_LOADER = "$(TEST_HOST)";
				CODE_SIGN_STYLE = Automatic;
				CURRENT_PROJECT_VERSION = 1;
				GENERATE_INFOPLIST_FILE = YES;
				IPHONEOS_DEPLOYMENT_TARGET = 18.1;
				MARKETING_VERSION = 1.0;
				PRODUCT_BUNDLE_IDENTIFIER = NUS.MyiPhoneTests;
				PRODUCT_NAME = "$(TARGET_NAME)";
				SWIFT_EMIT_LOC_STRINGS = NO;
				SWIFT_VERSION = 5.0;
				TARGETED_DEVICE_FAMILY = "1,2";
				TEST_HOST = "$(BUILT_PRODUCTS_DIR)/MyiPhone.app/$(BUNDLE_EXECUTABLE_FOLDER_PATH)/MyiPhone";
			};
			name = Debug;
		};
		EF0C18EE2CF8914B0002E1F7 /* Release */ = {
			isa = XCBuildConfiguration;
			buildSettings = {
				BUNDLE_LOADER = "$(TEST_HOST)";
				CODE_SIGN_STYLE = Automatic;
				CURRENT_PROJECT_VERSION = 1;
				GENERATE_INFOPLIST_FILE = YES;
				IPHONEOS_DEPLOYMENT_TARGET = 18.1;
				MARKETING_VERSION = 1.0;
				PRODUCT_BUNDLE_IDENTIFIER = NUS.MyiPhoneTests;
				PRODUCT_NAME = "$(TARGET_NAME)";
				SWIFT_EMIT_LOC_STRINGS = NO;
				SWIFT_VERSION = 5.0;
				TARGETED_DEVICE_FAMILY = "1,2";
				TEST_HOST = "$(BUILT_PRODUCTS_DIR)/MyiPhone.app/$(BUNDLE_EXECUTABLE_FOLDER_PATH)/MyiPhone";
			};
			name = Release;
		};
		EF0C18F02CF8914B0002E1F7 /* Debug */ = {
			isa = XCBuildConfiguration;
			buildSettings = {
				CODE_SIGN_STYLE = Automatic;
				CURRENT_PROJECT_VERSION = 1;
				GENERATE_INFOPLIST_FILE = YES;
				MARKETING_VERSION = 1.0;
				PRODUCT_BUNDLE_IDENTIFIER = NUS.MyiPhoneUITests;
				PRODUCT_NAME = "$(TARGET_NAME)";
				SWIFT_EMIT_LOC_STRINGS = NO;
				SWIFT_VERSION = 5.0;
				TARGETED_DEVICE_FAMILY = "1,2";
				TEST_TARGET_NAME = MyiPhone;
			};
			name = Debug;
		};
		EF0C18F12CF8914B0002E1F7 /* Release */ = {
			isa = XCBuildConfiguration;
			buildSettings = {
				CODE_SIGN_STYLE = Automatic;
				CURRENT_PROJECT_VERSION = 1;
				GENERATE_INFOPLIST_FILE = YES;
				MARKETING_VERSION = 1.0;
				PRODUCT_BUNDLE_IDENTIFIER = NUS.MyiPhoneUITests;
				PRODUCT_NAME = "$(TARGET_NAME)";
				SWIFT_EMIT_LOC_STRINGS = NO;
				SWIFT_VERSION = 5.0;
				TARGETED_DEVICE_FAMILY = "1,2";
				TEST_TARGET_NAME = MyiPhone;
			};
			name = Release;
		};
/* End XCBuildConfiguration section */

/* Begin XCConfigurationList section */
		EF0C18C02CF891470002E1F7 /* Build configuration list for PBXProject "MyiPhone" */ = {
			isa = XCConfigurationList;
			buildConfigurations = (
				EF0C18E72CF8914B0002E1F7 /* Debug */,
				EF0C18E82CF8914B0002E1F7 /* Release */,
			);
			defaultConfigurationIsVisible = 0;
			defaultConfigurationName = Release;
		};
		EF0C18E92CF8914B0002E1F7 /* Build configuration list for PBXNativeTarget "MyiPhone" */ = {
			isa = XCConfigurationList;
			buildConfigurations = (
				EF0C18EA2CF8914B0002E1F7 /* Debug */,
				EF0C18EB2CF8914B0002E1F7 /* Release */,
			);
			defaultConfigurationIsVisible = 0;
			defaultConfigurationName = Release;
		};
		EF0C18EC2CF8914B0002E1F7 /* Build configuration list for PBXNativeTarget "MyiPhoneTests" */ = {
			isa = XCConfigurationList;
			buildConfigurations = (
				EF0C18ED2CF8914B0002E1F7 /* Debug */,
				EF0C18EE2CF8914B0002E1F7 /* Release */,
			);
			defaultConfigurationIsVisible = 0;
			defaultConfigurationName = Release;
		};
		EF0C18EF2CF8914B0002E1F7 /* Build configuration list for PBXNativeTarget "MyiPhoneUITests" */ = {
			isa = XCConfigurationList;
			buildConfigurations = (
				EF0C18F02CF8914B0002E1F7 /* Debug */,
				EF0C18F12CF8914B0002E1F7 /* Release */,
			);
			defaultConfigurationIsVisible = 0;
			defaultConfigurationName = Release;
		};
/* End XCConfigurationList section */
	};
	rootObject = EF0C18BD2CF891470002E1F7 /* Project object */;
}
